# THIS IS AN AUTOGENERATED FILE. DO NOT EDIT THIS FILE DIRECTLY.
# yarn lockfile v1


nodemailer@^5.1.1:
  version "5.1.1"
  resolved "https://registry.yarnpkg.com/nodemailer/-/nodemailer-5.1.1.tgz#0c48d1ecab02e86d9ff6c620ee75ed944b763505"
  integrity sha512-hKGCoeNdFL2W7S76J/Oucbw0/qRlfG815tENdhzcqTpSjKgAN91mFOqU2lQUflRRxFM7iZvCyaFcAR9noc/CqQ==
